{
  "name": "test-project",
  "version": "1.0.0",
  "lockfileVersion": 1,
  "requires": true,
  "dependencies": {
    "pragma-views2": {
      "version": "1.0.256",
      "resolved": "https://registry.npmjs.org/pragma-views2/-/pragma-views2-1.0.256.tgz",
      "integrity": "sha512-4/h2Cu3S+t/+wVljVvx3pr+/3I3tcW2XT59hQCjBaHe5+pERCJx4Q2MWOoNrNqG3sE2N59Eg8WsV9+nPV8e9QQ=="
    }
  }
}
